
Microsoft Visual Studio Solution File, Format Version 12.00
# Visual Studio Version 16
VisualStudioVersion = 16.0.34601.136
MinimumVisualStudioVersion = 10.0.40219.1
Project("{FAE04EC0-301F-11D3-BF4B-00C04F79EFBC}") = "B8MShellExtension", "B8MShellExtension\B8MShellExtension.csproj", "{E4D4D08F-D50E-4168-BA32-CF95EE065941}"
EndProject
Global
	GlobalSection(SolutionConfigurationPlatforms) = preSolution
		Debug|Any CPU = Debug|Any CPU
		Release|Any CPU = Release|Any CPU
	EndGlobalSection
	GlobalSection(ProjectConfigurationPlatforms) = postSolution
		{E4D4D08F-D50E-4168-BA32-CF95EE065941}.Debug|Any CPU.ActiveCfg = Debug|Any CPU
		{E4D4D08F-D50E-4168-BA32-CF95EE065941}.Debug|Any CPU.Build.0 = Debug|Any CPU
		{E4D4D08F-D50E-4168-BA32-CF95EE065941}.Release|Any CPU.ActiveCfg = Release|Any CPU
		{E4D4D08F-D50E-4168-BA32-CF95EE065941}.Release|Any CPU.Build.0 = Release|Any CPU
	EndGlobalSection
	GlobalSection(SolutionProperties) = preSolution
		HideSolutionNode = FALSE
	EndGlobalSection
	GlobalSection(ExtensibilityGlobals) = postSolution
		SolutionGuid = {C7E11AA2-6B44-47F7-889B-045747AFBA0E}
	EndGlobalSection
EndGlobal
